{
    "_readme": [
        "This file locks the dependencies of your project to a known state",
        "Read more about it at https://getcomposer.org/doc/01-basic-usage.md#composer-lock-the-lock-file",
        "This file is @generated automatically"
    ],
    "content-hash": "0a76dd5e38ef56efb2fcc74984f772d9",
    "packages": [
        {
            "name": "bower-asset/chroma",
            "version": "1.0.0",
            "source": {
                "type": "git",
                "url": "https://github.com/JohnAlbin/chroma.git",
                "reference": "ba38462edc21297ec1b6458ab69dfa3c538db549"
            },
            "dist": {
                "type": "zip",
                "url": "https://api.github.com/repos/JohnAlbin/chroma/zipball/ba38462edc21297ec1b6458ab69dfa3c538db549",
                "reference": "ba38462edc21297ec1b6458ab69dfa3c538db549",
                "shasum": ""
            },
            "type": "bower-asset-library",
            "extra": {
                "bower-asset-main": "sass/_chroma.scss",
                "bower-asset-ignore": [
                    "bower_components",
                    "chroma.gemspec",
                    "lib",
                    "node_modules",
                    "sache.json",
                    "tests"
                ]
            },
            "license": [
                "GPL-2.0"
            ],
            "description": "Chroma is the Sass color manager.",
            "keywords": [
                "colors",
                "sass"
            ],
            "time": "2015-08-30T17:00:25+00:00"
        },
        {
            "name": "bower-asset/jquery",
            "version": "dev-master",
            "source": {
                "type": "git",
                "url": "https://github.com/jquery/jquery-dist.git",
                "reference": "9e8ec3d10fad04748176144f108d7355662ae75e"
            },
            "dist": {
                "type": "zip",
                "url": "https://api.github.com/repos/jquery/jquery-dist/zipball/9e8ec3d10fad04748176144f108d7355662ae75e",
                "reference": "9e8ec3d10fad04748176144f108d7355662ae75e",
                "shasum": ""
            },
            "type": "bower-asset-library",
            "extra": {
                "bower-asset-main": "dist/jquery.js",
                "bower-asset-ignore": [
                    "package.json"
                ]
            },
            "license": [
                "MIT"
            ],
            "keywords": [
                "browser",
                "javascript",
                "jquery",
                "library"
            ],
            "time": "2018-01-20T17:26:57+00:00"
        },
        {
            "name": "bower-asset/leaflet-map-zoomToGeometries",
            "version": "dev-no-bower-dependencies",
            "source": {
                "type": "git",
                "url": "https://github.com/GetDKAN/leaflet.map.zoomToGeometries.js.git",
                "reference": "de9bb660bec8864e596fbfa03dcbf84fc51b9bdc"
            },
            "dist": {
                "type": "zip",
                "url": "https://api.github.com/repos/GetDKAN/leaflet.map.zoomToGeometries.js/zipball/de9bb660bec8864e596fbfa03dcbf84fc51b9bdc",
                "reference": "de9bb660bec8864e596fbfa03dcbf84fc51b9bdc",
                "shasum": ""
            },
            "type": "bower-asset-library",
            "extra": {
                "bower-asset-ignore": [
                    "**/.*",
                    "node_modules",
                    "vendor",
                    "test",
                    "tests"
                ]
            },
            "license": [
                "MIT"
            ],
            "time": "2018-03-10T20:46:26+00:00"
        },
        {
            "name": "bower-asset/lodash",
            "version": "2.4.1",
            "source": {
                "type": "git",
                "url": "https://github.com/lodash/lodash.git",
                "reference": "e21e993729861a2bc1d01c858cfabce7a27d2861"
            },
            "dist": {
                "type": "zip",
                "url": "https://api.github.com/repos/lodash/lodash/zipball/e21e993729861a2bc1d01c858cfabce7a27d2861",
                "reference": "e21e993729861a2bc1d01c858cfabce7a27d2861",
                "shasum": ""
            },
            "type": "bower-asset-library",
            "extra": {
                "bower-asset-main": "dist/lodash.compat.js",
                "bower-asset-ignore": [
                    ".*",
                    "*.custom.*",
                    "*.template.*",
                    "*.map",
                    "*.md",
                    "/*.min.*",
                    "/lodash.js",
                    "index.js",
                    "component.json",
                    "package.json",
                    "doc",
                    "modularize",
                    "node_modules",
                    "perf",
                    "test",
                    "vendor"
                ]
            },
            "time": "2015-01-23T07:00:16+00:00"
        },
        {
            "name": "bower-asset/lodash.data",
            "version": "dev-master",
            "source": {
                "type": "git",
                "url": "https://github.com/GetDKAN/lodash.data.git",
                "reference": "0dbe0701003b8a45037ab5fada630db2dbf75d9d"
            },
            "dist": {
                "type": "zip",
                "url": "https://api.github.com/repos/GetDKAN/lodash.data/zipball/0dbe0701003b8a45037ab5fada630db2dbf75d9d",
                "reference": "0dbe0701003b8a45037ab5fada630db2dbf75d9d",
                "shasum": ""
            },
            "require": {
                "bower-asset/lodash": "2.4.1"
            },
            "type": "bower-asset-library",
            "extra": {
                "bower-asset-ignore": [
                    "**/.*",
                    "node_modules",
                    "vendor",
                    "test",
                    "tests"
                ],
                "branch-alias": {
                    "dev-master": "0.0.1-dev"
                }
            },
            "license": [
                "MIT"
            ],
            "time": "2015-03-05T20:27:07+00:00"
        },
        {
            "name": "bower-asset/numeral",
            "version": "1.5.6",
            "source": {
                "type": "git",
                "url": "https://github.com/adamwdraper/Numeral-js.git",
                "reference": "b598d6eeaf7981be55840d5fda5541e598eaf04f"
            },
            "dist": {
                "type": "zip",
                "url": "https://api.github.com/repos/adamwdraper/Numeral-js/zipball/b598d6eeaf7981be55840d5fda5541e598eaf04f",
                "reference": "b598d6eeaf7981be55840d5fda5541e598eaf04f",
                "shasum": ""
            },
            "type": "bower-asset-library",
            "extra": {
                "bower-asset-main": "numeral.js"
            },
            "description": "Format and manipulate numbers.",
            "keywords": [
                "format",
                "money",
                "number",
                "numeral",
                "percentage",
                "time"
            ],
            "time": "2016-11-24T05:55:19+00:00"
        },
        {
            "name": "bower-asset/spectrum",
            "version": "1.8.0",
            "source": {
                "type": "git",
                "url": "https://github.com/bgrins/spectrum.git",
                "reference": "98454b55521cfb495f628db28af01100c029ef76"
            },
            "dist": {
                "type": "zip",
                "url": "https://api.github.com/repos/bgrins/spectrum/zipball/98454b55521cfb495f628db28af01100c029ef76",
                "reference": "98454b55521cfb495f628db28af01100c029ef76",
                "shasum": ""
            },
            "require": {
                "bower-asset/jquery": ">=1.7.2"
            },
            "type": "bower-asset-library",
            "extra": {
                "bower-asset-main": [
                    "./spectrum.css",
                    "./spectrum.js"
                ],
                "bower-asset-ignore": [
                    ".gitignore",
                    ".travis.yml",
                    "build/",
                    "docs/",
                    "example/",
                    "Gruntfile.js",
                    "LICENSE",
                    "README.md",
                    "test/"
                ]
            },
            "time": "2015-12-14T18:40:28+00:00"
        },
        {
            "name": "composer/installers",
            "version": "v1.5.0",
            "source": {
                "type": "git",
                "url": "https://github.com/composer/installers.git",
                "reference": "049797d727261bf27f2690430d935067710049c2"
            },
            "dist": {
                "type": "zip",
                "url": "https://api.github.com/repos/composer/installers/zipball/049797d727261bf27f2690430d935067710049c2",
                "reference": "049797d727261bf27f2690430d935067710049c2",
                "shasum": ""
            },
            "require": {
                "composer-plugin-api": "^1.0"
            },
            "replace": {
                "roundcube/plugin-installer": "*",
                "shama/baton": "*"
            },
            "require-dev": {
                "composer/composer": "1.0.*@dev",
                "phpunit/phpunit": "^4.8.36"
            },
            "type": "composer-plugin",
            "extra": {
                "class": "Composer\\Installers\\Plugin",
                "branch-alias": {
                    "dev-master": "1.0-dev"
                }
            },
            "autoload": {
                "psr-4": {
                    "Composer\\Installers\\": "src/Composer/Installers"
                }
            },
            "notification-url": "https://packagist.org/downloads/",
            "license": [
                "MIT"
            ],
            "authors": [
                {
                    "name": "Kyle Robinson Young",
                    "email": "kyle@dontkry.com",
                    "homepage": "https://github.com/shama"
                }
            ],
            "description": "A multi-framework Composer library installer",
            "homepage": "https://composer.github.io/installers/",
            "keywords": [
                "Craft",
                "Dolibarr",
                "Eliasis",
                "Hurad",
                "ImageCMS",
                "Kanboard",
                "Lan Management System",
                "MODX Evo",
                "Mautic",
                "Maya",
                "OXID",
                "Plentymarkets",
                "Porto",
                "RadPHP",
                "SMF",
                "Thelia",
                "WolfCMS",
                "agl",
                "aimeos",
                "annotatecms",
                "attogram",
                "bitrix",
                "cakephp",
                "chef",
                "cockpit",
                "codeigniter",
                "concrete5",
                "croogo",
                "dokuwiki",
                "drupal",
                "eZ Platform",
                "elgg",
                "expressionengine",
                "fuelphp",
                "grav",
                "installer",
                "itop",
                "joomla",
                "kohana",
                "laravel",
                "lavalite",
                "lithium",
                "magento",
                "majima",
                "mako",
                "mediawiki",
                "modulework",
                "modx",
                "moodle",
                "osclass",
                "phpbb",
                "piwik",
                "ppi",
                "puppet",
                "pxcms",
                "reindex",
                "roundcube",
                "shopware",
                "silverstripe",
                "sydes",
                "symfony",
                "typo3",
                "wordpress",
                "yawik",
                "zend",
                "zikula"
            ],
            "time": "2017-12-29T09:13:20+00:00"
        },
        {
            "name": "drupal/ctools",
            "version": "dev-1.x",
            "source": {
                "type": "git",
                "url": "https://git.drupal.org/project/ctools",
                "reference": "327318639a9efc740203924f7506f451826deef7"
            },
            "require": {
                "drupal/drupal": "~7.0"
            },
            "require-dev": {
                "drupal/advanced_help": "*",
                "drupal/page_manager": "*",
                "drupal/panels": "*",
                "drupal/views": "*"
            },
            "type": "drupal-module",
            "extra": {
                "branch-alias": {
                    "dev-1.x": "1.x-dev"
                },
                "drupal": {
                    "version": "7.x-1.14+1-dev",
                    "datestamp": "1519457285",
                    "security-coverage": {
                        "status": "not-covered",
                        "message": "Dev releases are not covered by Drupal security advisories."
                    }
                }
            },
            "notification-url": "https://packages.drupal.org/7/downloads",
            "license": [
                "GPL-2.0-or-later"
            ],
            "authors": [
                {
                    "name": "EclipseGc",
                    "homepage": "https://www.drupal.org/user/61203"
                },
                {
                    "name": "damiankloip",
                    "homepage": "https://www.drupal.org/user/1037976"
                },
                {
                    "name": "dawehner",
                    "homepage": "https://www.drupal.org/user/99340"
                },
                {
                    "name": "esmerel",
                    "homepage": "https://www.drupal.org/user/164022"
                },
                {
                    "name": "japerry",
                    "homepage": "https://www.drupal.org/user/45640"
                },
                {
                    "name": "joelpittet",
                    "homepage": "https://www.drupal.org/user/160302"
                },
                {
                    "name": "merlinofchaos",
                    "homepage": "https://www.drupal.org/user/26979"
                },
                {
                    "name": "neclimdul",
                    "homepage": "https://www.drupal.org/user/48673"
                },
                {
                    "name": "sdboyer",
                    "homepage": "https://www.drupal.org/user/146719"
                },
                {
                    "name": "sun",
                    "homepage": "https://www.drupal.org/user/54136"
                },
                {
                    "name": "tim.plunkett",
                    "homepage": "https://www.drupal.org/user/241634"
                }
            ],
            "description": "A library of helpful tools by Merlin of Chaos.",
            "homepage": "https://www.drupal.org/project/ctools",
            "support": {
                "source": "http://cgit.drupalcode.org/ctools"
            },
            "time": "2018-02-26T23:05:14+00:00"
        },
        {
            "name": "drupal/drupal",
            "version": "dev-7.x",
            "source": {
                "type": "git",
                "url": "https://git.drupal.org/project/drupal",
                "reference": "15d0f93c24cac73021608ddb5ec522933b4ffbd3"
            },
            "type": "drupal-core",
            "extra": {
                "branch-alias": {
                    "dev-7.x": "7.x-dev"
                },
                "drupal": {
                    "version": "7.57+16-dev",
                    "datestamp": "1519234680",
                    "security-coverage": {
                        "status": "not-covered",
                        "message": "Dev releases are not covered by Drupal security advisories."
                    }
                }
            },
            "notification-url": "https://packages.drupal.org/7/downloads",
            "license": [
                "GPL-2.0-or-later"
            ],
            "authors": [
                {
                    "name": "Cottser",
                    "homepage": "https://www.drupal.org/user/1167326"
                },
                {
                    "name": "David_Rothstein",
                    "homepage": "https://www.drupal.org/user/124982"
                },
                {
                    "name": "Dries",
                    "homepage": "https://www.drupal.org/user/1"
                },
                {
                    "name": "Drupal",
                    "homepage": "https://www.drupal.org/user/3"
                },
                {
                    "name": "Fabianx",
                    "homepage": "https://www.drupal.org/user/693738"
                },
                {
                    "name": "Gábor Hojtsy",
                    "homepage": "https://www.drupal.org/user/4166"
                },
                {
                    "name": "alexpott",
                    "homepage": "https://www.drupal.org/user/157725"
                },
                {
                    "name": "catch",
                    "homepage": "https://www.drupal.org/user/35733"
                },
                {
                    "name": "cilefen",
                    "homepage": "https://www.drupal.org/user/1850070"
                },
                {
                    "name": "drumm",
                    "homepage": "https://www.drupal.org/user/3064"
                },
                {
                    "name": "effulgentsia",
                    "homepage": "https://www.drupal.org/user/78040"
                },
                {
                    "name": "larowlan",
                    "homepage": "https://www.drupal.org/user/395439"
                },
                {
                    "name": "lauriii",
                    "homepage": "https://www.drupal.org/user/1078742"
                },
                {
                    "name": "plach",
                    "homepage": "https://www.drupal.org/user/183211"
                },
                {
                    "name": "stefan.r",
                    "homepage": "https://www.drupal.org/user/551886"
                },
                {
                    "name": "webchick",
                    "homepage": "https://www.drupal.org/user/24967"
                },
                {
                    "name": "xjm",
                    "homepage": "https://www.drupal.org/user/65776"
                },
                {
                    "name": "yoroy",
                    "homepage": "https://www.drupal.org/user/41502"
                }
            ],
            "homepage": "https://www.drupal.org/project/drupal",
            "support": {
                "source": "http://cgit.drupalcode.org/drupal"
            },
            "time": "2018-02-21T17:31:26+00:00"
        },
        {
            "name": "drupal/eck",
            "version": "2.0.0-rc9",
            "source": {
                "type": "git",
                "url": "https://git.drupal.org/project/eck",
                "reference": "7.x-2.0-rc9"
            },
            "dist": {
                "type": "zip",
                "url": "https://ftp.drupal.org/files/projects/eck-7.x-2.0-rc9.zip",
                "reference": "7.x-2.0-rc9",
                "shasum": "0f7af85fa721aa8cbe3d3b9948bb65419e51e99e"
            },
            "require": {
                "drupal/ctools": "*",
                "drupal/drupal": "~7.0",
                "drupal/entity": "*"
            },
            "require-dev": {
                "drupal/entitycache": "*",
                "drupal/services": "*"
            },
            "type": "drupal-module",
            "extra": {
                "branch-alias": {
                    "dev-2.x": "2.x-dev"
                },
                "drupal": {
                    "version": "7.x-2.0-rc9",
                    "datestamp": "1483524242",
                    "security-coverage": {
                        "status": "not-covered",
                        "message": "Project has not opted into security advisory coverage!"
                    }
                }
            },
            "notification-url": "https://packages.drupal.org/7/downloads",
            "license": [
                "GPL-2.0-or-later"
            ],
            "authors": [
                {
                    "name": "Matroskeen",
                    "homepage": "https://www.drupal.org/user/3426249"
                },
                {
                    "name": "acrazyanimal",
                    "homepage": "https://www.drupal.org/user/696648"
                },
                {
                    "name": "akalata",
                    "homepage": "https://www.drupal.org/user/498926"
                },
                {
                    "name": "dpopdan",
                    "homepage": "https://www.drupal.org/user/2759811"
                },
                {
                    "name": "eric.napier",
                    "homepage": "https://www.drupal.org/user/501688"
                },
                {
                    "name": "fmizzell",
                    "homepage": "https://www.drupal.org/user/1312210"
                },
                {
                    "name": "legolasbo",
                    "homepage": "https://www.drupal.org/user/2480548"
                },
                {
                    "name": "mducharme",
                    "homepage": "https://www.drupal.org/user/616996"
                },
                {
                    "name": "mihai_brb",
                    "homepage": "https://www.drupal.org/user/2065978"
                },
                {
                    "name": "pifagor",
                    "homepage": "https://www.drupal.org/user/2375692"
                },
                {
                    "name": "wjaspers",
                    "homepage": "https://www.drupal.org/user/813890"
                }
            ],
            "description": "ECK (Entity Construction Kit) Allows users to create and administer entity types, bundles, and entities from an easy to use UI",
            "homepage": "https://www.drupal.org/project/eck",
            "support": {
                "source": "http://cgit.drupalcode.org/eck"
            }
        },
        {
            "name": "drupal/entity",
            "version": "dev-1.x",
            "source": {
                "type": "git",
                "url": "https://git.drupal.org/project/entity",
                "reference": "044cbb31d94989466790801e40c17154de789216"
            },
            "require": {
                "drupal/drupal": "~7.0"
            },
            "type": "drupal-module",
            "extra": {
                "branch-alias": {
                    "dev-1.x": "1.x-dev"
                },
                "drupal": {
                    "version": "7.x-1.9+0-dev",
                    "datestamp": "1518620284",
                    "security-coverage": {
                        "status": "not-covered",
                        "message": "Dev releases are not covered by Drupal security advisories."
                    }
                }
            },
            "notification-url": "https://packages.drupal.org/7/downloads",
            "license": [
                "GPL-2.0-or-later"
            ],
            "authors": [
                {
                    "name": "Berdir",
                    "homepage": "https://www.drupal.org/user/214652"
                },
                {
                    "name": "bojanz",
                    "homepage": "https://www.drupal.org/user/86106"
                },
                {
                    "name": "dawehner",
                    "homepage": "https://www.drupal.org/user/99340"
                },
                {
                    "name": "dixon_",
                    "homepage": "https://www.drupal.org/user/239911"
                },
                {
                    "name": "fago",
                    "homepage": "https://www.drupal.org/user/16747"
                }
            ],
            "description": "Enables modules to work with any entity type and to provide entities.",
            "homepage": "https://www.drupal.org/project/entity",
            "support": {
                "source": "http://cgit.drupalcode.org/entity"
            },
            "time": "2018-02-14T14:53:14+00:00"
        },
        {
            "name": "drupal/features",
            "version": "2.6.0",
            "source": {
                "type": "git",
                "url": "https://git.drupal.org/project/features",
                "reference": "7.x-2.6"
            },
            "dist": {
                "type": "zip",
                "url": "https://ftp.drupal.org/files/projects/features-7.x-2.6.zip",
                "reference": "7.x-2.6",
                "shasum": "3f1a482e4702f4a59357715ef5581d7d2eeac5e4"
            },
            "require": {
                "drupal/drupal": "~7.0"
            },
            "type": "drupal-module",
            "extra": {
                "branch-alias": {
                    "dev-2.x": "2.x-dev"
                },
                "drupal": {
                    "version": "7.x-2.6",
                    "datestamp": "1460571185",
                    "security-coverage": {
                        "status": "covered",
                        "message": "Covered by Drupal's security advisory policy"
                    }
                }
            },
            "notification-url": "https://packages.drupal.org/7/downloads",
            "license": [
                "GPL-2.0-or-later"
            ],
            "authors": [
                {
                    "name": "dawehner",
                    "homepage": "https://www.drupal.org/user/99340"
                },
                {
                    "name": "e2thex",
                    "homepage": "https://www.drupal.org/user/189123"
                },
                {
                    "name": "febbraro",
                    "homepage": "https://www.drupal.org/user/43670"
                },
                {
                    "name": "jmiccolis",
                    "homepage": "https://www.drupal.org/user/31731"
                },
                {
                    "name": "mpotter",
                    "homepage": "https://www.drupal.org/user/616192"
                },
                {
                    "name": "nedjo",
                    "homepage": "https://www.drupal.org/user/4481"
                },
                {
                    "name": "tim.plunkett",
                    "homepage": "https://www.drupal.org/user/241634"
                }
            ],
            "description": "Provides feature management for Drupal.",
            "homepage": "https://www.drupal.org/project/features",
            "support": {
                "source": "http://cgit.drupalcode.org/features"
            }
        },
        {
            "name": "drupal/uuid",
            "version": "dev-1.x",
            "source": {
                "type": "git",
                "url": "https://git.drupal.org/project/uuid",
                "reference": "5982e91c8a84f6f590c339e8caf2d1c411636273"
            },
            "require": {
                "drupal/drupal": "*"
            },
            "require-dev": {
                "drupal/entity": "*",
                "drupal/rest_server": "*",
                "drupal/services": "*",
                "drupal/uuid_services": "*"
            },
            "type": "drupal-module",
            "extra": {
                "branch-alias": {
                    "dev-1.x": "1.x-dev"
                },
                "drupal": {
                    "version": "7.x-1.0-beta1+29-dev",
                    "datestamp": "1470153239",
                    "security-coverage": {
                        "status": "not-covered",
                        "message": "Dev releases are not covered by Drupal security advisories."
                    }
                }
            },
            "notification-url": "https://packages.drupal.org/7/downloads",
            "license": [
                "GPL-2.0-or-later"
            ],
            "authors": [
                {
                    "name": "dixon_",
                    "homepage": "https://www.drupal.org/user/239911"
                },
                {
                    "name": "neochief",
                    "homepage": "https://www.drupal.org/user/233667"
                },
                {
                    "name": "recidive",
                    "homepage": "https://www.drupal.org/user/12564"
                },
                {
                    "name": "skwashd",
                    "homepage": "https://www.drupal.org/user/116305"
                }
            ],
            "description": "Extends the entity functionality and adds support for universally unique identifiers.",
            "homepage": "https://www.drupal.org/project/uuid",
            "support": {
                "source": "http://cgit.drupalcode.org/uuid"
            },
            "time": "2016-08-02T15:46:17+00:00"
        },
        {
            "name": "drupal/uuidreference",
            "version": "dev-1.x",
            "source": {
                "type": "git",
                "url": "https://git.drupal.org/project/uuidreference",
                "reference": "4d8525ab3e452f6e76a14f871a57612d94be773d"
            },
            "require": {
                "drupal/drupal": "*",
                "drupal/uuid": "*"
            },
            "type": "drupal-module",
            "extra": {
                "branch-alias": {
                    "dev-1.x": "1.x-dev"
                },
                "drupal": {
                    "version": "7.x-1.x-dev",
                    "datestamp": "1375843695",
                    "security-coverage": {
                        "status": "not-covered",
                        "message": "Project has not opted into security advisory coverage!"
                    }
                }
            },
            "notification-url": "https://packages.drupal.org/7/downloads",
            "license": [
                "GPL-2.0-or-later"
            ],
            "authors": [
                {
                    "name": "damiankloip",
                    "homepage": "https://www.drupal.org/user/1037976"
                }
            ],
            "description": "Field to reference another entity by its UUID.",
            "homepage": "https://www.drupal.org/project/uuidreference",
            "support": {
                "source": "http://cgit.drupalcode.org/uuidreference"
            },
            "time": "2013-08-06T16:55:44+00:00"
        },
        {
            "name": "fxp/composer-asset-plugin",
            "version": "dev-master",
            "source": {
                "type": "git",
                "url": "https://github.com/fxpio/composer-asset-plugin.git",
                "reference": "61352d99940d2b2392a5d2db83b8c0ef5faf222a"
            },
            "dist": {
                "type": "zip",
                "url": "https://api.github.com/repos/fxpio/composer-asset-plugin/zipball/61352d99940d2b2392a5d2db83b8c0ef5faf222a",
                "reference": "61352d99940d2b2392a5d2db83b8c0ef5faf222a",
                "shasum": ""
            },
            "require": {
                "composer-plugin-api": "^1.0",
                "php": ">=5.3.3"
            },
            "require-dev": {
                "composer/composer": "^1.4.0"
            },
            "type": "composer-plugin",
            "extra": {
                "class": "Fxp\\Composer\\AssetPlugin\\FxpAssetPlugin",
                "branch-alias": {
                    "dev-master": "1.4-dev"
                }
            },
            "autoload": {
                "psr-4": {
                    "Fxp\\Composer\\AssetPlugin\\": ""
                },
                "exclude-from-classmap": [
                    "/Tests/"
                ]
            },
            "notification-url": "https://packagist.org/downloads/",
            "license": [
                "MIT"
            ],
            "authors": [
                {
                    "name": "François Pluchino",
                    "email": "francois.pluchino@gmail.com"
                }
            ],
            "description": "NPM/Bower Dependency Manager for Composer",
            "homepage": "https://github.com/fxpio/composer-asset-plugin",
            "keywords": [
                "asset",
                "bower",
                "composer",
                "dependency manager",
                "nodejs",
                "npm",
                "package"
            ],
            "time": "2017-10-20T06:53:56+00:00"
        },
        {
            "name": "getdkan/geo_file_entity",
            "version": "dev-master",
            "source": {
                "type": "git",
                "url": "https://github.com/GetDKAN/geo_file_entity.git",
                "reference": "5bf259ac1679d8a7f847053b19f8579e0d494a64"
            },
            "dist": {
                "type": "zip",
                "url": "https://api.github.com/repos/GetDKAN/geo_file_entity/zipball/5bf259ac1679d8a7f847053b19f8579e0d494a64",
                "reference": "5bf259ac1679d8a7f847053b19f8579e0d494a64",
                "shasum": ""
            },
            "require": {
                "bower-asset/leaflet-map-zoomtogeometries": "dev-no-bower-dependencies",
                "composer/installers": "~1.0",
                "drupal/eck": "2.0-rc9",
                "drupal/features": "2.6",
                "fxp/composer-asset-plugin": "^1.4"
            },
            "type": "drupal-module",
            "notification-url": "https://packagist.org/downloads/",
            "description": "A Drupal entity to hold files with Geodata",
            "time": "2018-03-10T21:09:38+00:00"
        },
        {
            "name": "library/gdocs",
            "version": "1.0",
            "source": {
                "type": "git",
                "url": "https://github.com/okfn/recline.backend.gdocs.git",
                "reference": "e81bb237759353932834a38a0ec810441e0ada10"
            },
            "type": "drupal-library"
        },
        {
            "name": "library/reclineViewNvd3",
            "version": "1.0",
            "source": {
                "type": "git",
                "url": "https://github.com/GetDKAN/recline.view.nvd3.js.git",
                "reference": "7541d7b829e0a725be31790b6457d6068619c2e2"
            },
            "type": "drupal-library"
        },
        {
            "name": "library/recline_choropleth",
            "version": "1.0",
            "dist": {
                "type": "file",
                "url": "https://github.com/GetDKAN/recline.view.choroplethmap.js/archive/402c573a2254bc30cc10041a57be6ed93be590b9.zip",
                "reference": null,
                "shasum": null
            },
            "type": "drupal-library"
        },
        {
            "name": "mbostock/d3",
            "version": "v3.5.17",
            "source": {
                "type": "git",
                "url": "https://github.com/mbostock/d3.git",
                "reference": "9cc9a875e636a1dcf36cc1e07bdf77e1ad6e2c74"
            },
            "dist": {
                "type": "zip",
                "url": "https://api.github.com/repos/mbostock/d3/zipball/9cc9a875e636a1dcf36cc1e07bdf77e1ad6e2c74",
                "reference": "9cc9a875e636a1dcf36cc1e07bdf77e1ad6e2c74",
                "shasum": ""
            },
            "type": "library",
            "notification-url": "https://packagist.org/downloads/",
            "license": [
                "BSD-3-Clause"
            ],
            "authors": [
                {
                    "name": "Mike Bostock",
                    "homepage": "http://bost.ocks.org/mike"
                }
            ],
            "description": "A JavaScript visualization library for HTML and SVG.",
            "homepage": "http://d3js.org/",
            "keywords": [
                "W3C",
                "animation",
                "canvas",
                "dom",
                "svg",
                "visualization"
            ],
            "time": "2016-05-05T00:29:22+00:00"
        },
        {
            "name": "novus/nvd3",
            "version": "v1.8.5",
            "source": {
                "type": "git",
                "url": "https://github.com/novus/nvd3.git",
                "reference": "3fee7f9eec75b9e9234706cca01bf128607a41a6"
            },
            "dist": {
                "type": "zip",
                "url": "https://api.github.com/repos/novus/nvd3/zipball/3fee7f9eec75b9e9234706cca01bf128607a41a6",
                "reference": "3fee7f9eec75b9e9234706cca01bf128607a41a6",
                "shasum": ""
            },
            "require": {
                "mbostock/d3": "@stable"
            },
            "type": "library",
            "notification-url": "https://packagist.org/downloads/",
            "license": [
                "Apache-2.0"
            ],
            "authors": [
                {
                    "name": "Bob Monteverde"
                },
                {
                    "name": "Tyler Wolf"
                },
                {
                    "name": "Robin Hu"
                },
                {
                    "name": "Frank Shao"
                },
                {
                    "name": "liquidpele"
                }
            ],
            "description": "A reusable charting library written in d3.js",
            "homepage": "https://github.com/novus/nvd3",
            "keywords": [
                "chart",
                "d3",
                "graph",
                "nvd3"
            ],
            "time": "2016-12-01T12:31:30+00:00"
        }
    ],
    "packages-dev": [],
    "aliases": [],
    "minimum-stability": "dev",
    "stability-flags": {
        "drupal/uuidreference": 20,
        "bower-asset/lodash.data": 20,
        "bower-asset/spectrum": 20,
        "bower-asset/leaflet-map-zoomtogeometries": 20,
        "getdkan/geo_file_entity": 20
    },
    "prefer-stable": false,
    "prefer-lowest": false,
    "platform": [],
    "platform-dev": []
}
